
Microsoft Visual Studio Solution File, Format Version 12.00
# Visual Studio Version 17
VisualStudioVersion = 17.0.31717.71
MinimumVisualStudioVersion = 10.0.40219.1
Project("{9A19103F-16F7-4668-BE54-9A1E7A4F7556}") = "teeundbrot", "teeundbrot.csproj", "{ACDFE032-1F68-4E90-A110-81531AA49382}"
EndProject
Global
	GlobalSection(SolutionConfigurationPlatforms) = preSolution
		Debug|Any CPU = Debug|Any CPU
		Release|Any CPU = Release|Any CPU
	EndGlobalSection
	GlobalSection(ProjectConfigurationPlatforms) = postSolution
		{ACDFE032-1F68-4E90-A110-81531AA49382}.Debug|Any CPU.ActiveCfg = Debug|Any CPU
		{ACDFE032-1F68-4E90-A110-81531AA49382}.Debug|Any CPU.Build.0 = Debug|Any CPU
		{ACDFE032-1F68-4E90-A110-81531AA49382}.Release|Any CPU.ActiveCfg = Release|Any CPU
		{ACDFE032-1F68-4E90-A110-81531AA49382}.Release|Any CPU.Build.0 = Release|Any CPU
	EndGlobalSection
	GlobalSection(SolutionProperties) = preSolution
		HideSolutionNode = FALSE
	EndGlobalSection
	GlobalSection(ExtensibilityGlobals) = postSolution
		SolutionGuid = {AF742540-A00B-4D94-A17B-54AA923ED8DA}
	EndGlobalSection
EndGlobal